// !$*UTF8*$!
{
	archiveVersion = 1;
	classes = {
	};
	objectVersion = 77;
	objects = {

/* Begin PBXBuildFile section */
		0166FA1C8C1575F994A33B7E /* CameraViewModel.swift in Sources */ = {isa = PBXBuildFile; fileRef = 673E4220F3ACACBFC7DA406E /* CameraViewModel.swift */; };
		0BA414AE9880A287A92F2BB7 /* ItemLanguageBackfill.swift in Sources */ = {isa = PBXBuildFile; fileRef = 19DF875754A6DFFF2BD7B8D3 /* ItemLanguageBackfill.swift */; };
		0D2BBE8BAE34D8D27965DBFB /* StoreBootstrap.swift in Sources */ = {isa = PBXBuildFile; fileRef = EA8A286F783D81F012546B3B /* StoreBootstrap.swift */; };
		1773C434C572E1FBCDE34915 /* GroupCreateSheet.swift in Sources */ = {isa = PBXBuildFile; fileRef = F80152B297871A5C33DD20EC /* GroupCreateSheet.swift */; };
		1821B1C645600FD8A716C2E1 /* PendingItemRecoveryTests.swift in Sources */ = {isa = PBXBuildFile; fileRef = DA1009D023EE1124C28E823B /* PendingItemRecoveryTests.swift */; };
		21BEAA934635F0363CEA53E0 /* PendingItemRecovery.swift in Sources */ = {isa = PBXBuildFile; fileRef = D5B0EFF9477594513A2493FA /* PendingItemRecovery.swift */; };
		33097B4F33A4B63C673FF7BF /* GroupDetailView.swift in Sources */ = {isa = PBXBuildFile; fileRef = 9A7C4D7AB76B5D2F03B51C54 /* GroupDetailView.swift */; };
		3A5C478A7A1295D294394C35 /* CameraPreviewView.swift in Sources */ = {isa = PBXBuildFile; fileRef = 64F5F7FD43E1C3BD01EE55E5 /* CameraPreviewView.swift */; };
		3A72DBB69D71C2BDDC86A6B8 /* LanguageDisplay.swift in Sources */ = {isa = PBXBuildFile; fileRef = 40835CF4FD81A03A75E1C49A /* LanguageDisplay.swift */; };
		3DDB3B75EAD5B5FB4D23DC60 /* MoveToGroupSheet.swift in Sources */ = {isa = PBXBuildFile; fileRef = 2BA7DD969B97CE1F3A82061E /* MoveToGroupSheet.swift */; };
		3E4C70C483E7D53978871A3D /* ItemGroup.swift in Sources */ = {isa = PBXBuildFile; fileRef = 030D2184F6DB986129F80709 /* ItemGroup.swift */; };
		4227E24F122BDB43868D6893 /* UnclassifiedListView.swift in Sources */ = {isa = PBXBuildFile; fileRef = B95060F7340F97345DFD6717 /* UnclassifiedListView.swift */; };
		46E2F908DA43807ED9F9343E /* ItemLanguageBackfillTests.swift in Sources */ = {isa = PBXBuildFile; fileRef = F21A8D365CACC6A3D9853769 /* ItemLanguageBackfillTests.swift */; };
		47995DB2196FFB7A6DAF0795 /* Item.swift in Sources */ = {isa = PBXBuildFile; fileRef = 3C60B3E16B0E677495098598 /* Item.swift */; };
		497F6486FE40FF6B5EAEA77E /* GroupRenameSheet.swift in Sources */ = {isa = PBXBuildFile; fileRef = DBD0280A48DEE17382CEA7DC /* GroupRenameSheet.swift */; };
		4D6C86E6DE46C5A159C06E23 /* SegmentScope.swift in Sources */ = {isa = PBXBuildFile; fileRef = C88BA80922BBF974D03ACB14 /* SegmentScope.swift */; };
		5AD18387F75A7F5CBCD5B757 /* TranslationCoordinatorTests.swift in Sources */ = {isa = PBXBuildFile; fileRef = 790068E5624F7C3220354FB7 /* TranslationCoordinatorTests.swift */; };
		66BA5A7DBE97F9411BB16C33 /* RootView.swift in Sources */ = {isa = PBXBuildFile; fileRef = BD85F3512D949ED95929BAAC /* RootView.swift */; };
		672E4E2A66EC80D3697D6FFA /* PhotoransTests.swift in Sources */ = {isa = PBXBuildFile; fileRef = B806C24E0B8EB57F3B3407C1 /* PhotoransTests.swift */; };
		69B9E75C2FB9ECF7F32CF01A /* ImageCompressor.swift in Sources */ = {isa = PBXBuildFile; fileRef = 34F01FE4D65020BAF5ADD8DD /* ImageCompressor.swift */; };
		6BDFCF69D16CE8F876EC74D9 /* TranslationProgressIndicator.swift in Sources */ = {isa = PBXBuildFile; fileRef = ECA832B0490637C631E362ED /* TranslationProgressIndicator.swift */; };
		6C3282DE2A8EECF9FB678C7D /* legacy_history_v1.sqlite in Resources */ = {isa = PBXBuildFile; fileRef = D4DF21CEE2B9C95EBC83C65E /* legacy_history_v1.sqlite */; };
		70033C5A31F78A77F590AFF5 /* Assets.xcassets in Resources */ = {isa = PBXBuildFile; fileRef = 97403F72A81FDB08A684E400 /* Assets.xcassets */; };
		785CB5BC3727E0AD1BE08B94 /* CameraSession.swift in Sources */ = {isa = PBXBuildFile; fileRef = 8B6F0DBE480C684D580E5E88 /* CameraSession.swift */; };
		8CFEA6ADC7055A06C60E24F1 /* ItemRowView.swift in Sources */ = {isa = PBXBuildFile; fileRef = D92963D8CB72E880C63F6724 /* ItemRowView.swift */; };
		924D1F5EDA5CAFAE5F8C9EDB /* HomeView.swift in Sources */ = {isa = PBXBuildFile; fileRef = D225B27D2646826BED3FA7E3 /* HomeView.swift */; };
		96428EF54A471823F4262CD2 /* StoreBootstrapTests.swift in Sources */ = {isa = PBXBuildFile; fileRef = 8A611A4B52C1F1DD0348A20A /* StoreBootstrapTests.swift */; };
		9648360EAC47CC47E0E877DA /* CameraView.swift in Sources */ = {isa = PBXBuildFile; fileRef = EB0FB63D09D04136FEACD95F /* CameraView.swift */; };
		9837135F0DA037F5AE583944 /* BreadcrumbPathTests.swift in Sources */ = {isa = PBXBuildFile; fileRef = ADFD4971DB02648CB137EFE7 /* BreadcrumbPathTests.swift */; };
		9CF6F0A5CFFBCBC63B139D19 /* ThumbnailCache.swift in Sources */ = {isa = PBXBuildFile; fileRef = B2EB9714D8DDBC1105E417AC /* ThumbnailCache.swift */; };
		9D06F7A525CACEC1880BCFCD /* ItemThumbnailView.swift in Sources */ = {isa = PBXBuildFile; fileRef = 043FBD29591B940AE6830279 /* ItemThumbnailView.swift */; };
		A8B81DB965B26ADD4E751F3A /* PhotoransApp.swift in Sources */ = {isa = PBXBuildFile; fileRef = FF74E1C62D50B4CC496B75EA /* PhotoransApp.swift */; };
		A8DFABA876E525E576D7A3E7 /* GroupListView.swift in Sources */ = {isa = PBXBuildFile; fileRef = 8B3C8253607ED131949F29A7 /* GroupListView.swift */; };
		B88D396A722A5BB106B2CD30 /* ItemDetailView.swift in Sources */ = {isa = PBXBuildFile; fileRef = 83185ACC3AA92FEA502BCE56 /* ItemDetailView.swift */; };
		B894233F48F90E6D08AD0990 /* BreadcrumbView.swift in Sources */ = {isa = PBXBuildFile; fileRef = 9B77F713C890D7B719F49181 /* BreadcrumbView.swift */; };
		C6284AF1D64B6273065AD6E7 /* CaptureContextTests.swift in Sources */ = {isa = PBXBuildFile; fileRef = 9CDE1D43EB682209F357329E /* CaptureContextTests.swift */; };
		C8A4F2DE363A5F8FDDCC1C14 /* HomeFAB.swift in Sources */ = {isa = PBXBuildFile; fileRef = BD42142649E4E7E88CD30A0D /* HomeFAB.swift */; };
		D5C130CEE405B732B1BD0E3E /* ItemGroupDeleteRecursivelyTests.swift in Sources */ = {isa = PBXBuildFile; fileRef = A5CDF67B04C89ECECFFB2E74 /* ItemGroupDeleteRecursivelyTests.swift */; };
		D892A1938F8623D35EADFAE5 /* HomeQueries.swift in Sources */ = {isa = PBXBuildFile; fileRef = D3F16ED0F9D31306055C2AAB /* HomeQueries.swift */; };
		F38DFFFDAC5AD6293AC50739 /* TranslateAPI.swift in Sources */ = {isa = PBXBuildFile; fileRef = 0DEDC83685303F8329092022 /* TranslateAPI.swift */; };
		F7FD0FEA4EA35DCC49A3A397 /* PhotoStorage.swift in Sources */ = {isa = PBXBuildFile; fileRef = 5D19083941DF31ECD70EC886 /* PhotoStorage.swift */; };
		F87849258A298BA821030DF6 /* ItemStatus.swift in Sources */ = {isa = PBXBuildFile; fileRef = F029E89DB839758BB0D9187E /* ItemStatus.swift */; };
		FAC50D68AA992D4377352406 /* TranslationCoordinator.swift in Sources */ = {isa = PBXBuildFile; fileRef = E0383D1EF4E0A60468AACB73 /* TranslationCoordinator.swift */; };
		FC6BF7356E52B8BDBEC6FE92 /* SegmentQueryTests.swift in Sources */ = {isa = PBXBuildFile; fileRef = F6CA5013BC82A7A409D05815 /* SegmentQueryTests.swift */; };
/* End PBXBuildFile section */

/* Begin PBXContainerItemProxy section */
		3BC55D791008B3ED00BAAC7C /* PBXContainerItemProxy */ = {
			isa = PBXContainerItemProxy;
			containerPortal = 35BBB53CACFBF08EB659162E /* Project object */;
			proxyType = 1;
			remoteGlobalIDString = F6200B8FCA0E8F7197367EC9;
			remoteInfo = Photorans;
		};
/* End PBXContainerItemProxy section */

/* Begin PBXFileReference section */
		030D2184F6DB986129F80709 /* ItemGroup.swift */ = {isa = PBXFileReference; lastKnownFileType = sourcecode.swift; path = ItemGroup.swift; sourceTree = "<group>"; };
		043FBD29591B940AE6830279 /* ItemThumbnailView.swift */ = {isa = PBXFileReference; lastKnownFileType = sourcecode.swift; path = ItemThumbnailView.swift; sourceTree = "<group>"; };
		0678F0E2C559D896C08871A5 /* PhotoransTests.xctest */ = {isa = PBXFileReference; includeInIndex = 0; lastKnownFileType = wrapper.cfbundle; path = PhotoransTests.xctest; sourceTree = BUILT_PRODUCTS_DIR; };
		0DEDC83685303F8329092022 /* TranslateAPI.swift */ = {isa = PBXFileReference; lastKnownFileType = sourcecode.swift; path = TranslateAPI.swift; sourceTree = "<group>"; };
		19DF875754A6DFFF2BD7B8D3 /* ItemLanguageBackfill.swift */ = {isa = PBXFileReference; lastKnownFileType = sourcecode.swift; path = ItemLanguageBackfill.swift; sourceTree = "<group>"; };
		225655C9951E5F556341B619 /* Info.plist */ = {isa = PBXFileReference; lastKnownFileType = text.plist; path = Info.plist; sourceTree = "<group>"; };
		2BA7DD969B97CE1F3A82061E /* MoveToGroupSheet.swift */ = {isa = PBXFileReference; lastKnownFileType = sourcecode.swift; path = MoveToGroupSheet.swift; sourceTree = "<group>"; };
		345F43A959F869B4B3857F03 /* Photorans.app */ = {isa = PBXFileReference; includeInIndex = 0; lastKnownFileType = wrapper.application; path = Photorans.app; sourceTree = BUILT_PRODUCTS_DIR; };
		34F01FE4D65020BAF5ADD8DD /* ImageCompressor.swift */ = {isa = PBXFileReference; lastKnownFileType = sourcecode.swift; path = ImageCompressor.swift; sourceTree = "<group>"; };
		3C60B3E16B0E677495098598 /* Item.swift */ = {isa = PBXFileReference; lastKnownFileType = sourcecode.swift; path = Item.swift; sourceTree = "<group>"; };
		40835CF4FD81A03A75E1C49A /* LanguageDisplay.swift */ = {isa = PBXFileReference; lastKnownFileType = sourcecode.swift; path = LanguageDisplay.swift; sourceTree = "<group>"; };
		5D19083941DF31ECD70EC886 /* PhotoStorage.swift */ = {isa = PBXFileReference; lastKnownFileType = sourcecode.swift; path = PhotoStorage.swift; sourceTree = "<group>"; };
		64F5F7FD43E1C3BD01EE55E5 /* CameraPreviewView.swift */ = {isa = PBXFileReference; lastKnownFileType = sourcecode.swift; path = CameraPreviewView.swift; sourceTree = "<group>"; };
		673E4220F3ACACBFC7DA406E /* CameraViewModel.swift */ = {isa = PBXFileReference; lastKnownFileType = sourcecode.swift; path = CameraViewModel.swift; sourceTree = "<group>"; };
		790068E5624F7C3220354FB7 /* TranslationCoordinatorTests.swift */ = {isa = PBXFileReference; lastKnownFileType = sourcecode.swift; path = TranslationCoordinatorTests.swift; sourceTree = "<group>"; };
		83185ACC3AA92FEA502BCE56 /* ItemDetailView.swift */ = {isa = PBXFileReference; lastKnownFileType = sourcecode.swift; path = ItemDetailView.swift; sourceTree = "<group>"; };
		8A611A4B52C1F1DD0348A20A /* StoreBootstrapTests.swift */ = {isa = PBXFileReference; lastKnownFileType = sourcecode.swift; path = StoreBootstrapTests.swift; sourceTree = "<group>"; };
		8B3C8253607ED131949F29A7 /* GroupListView.swift */ = {isa = PBXFileReference; lastKnownFileType = sourcecode.swift; path = GroupListView.swift; sourceTree = "<group>"; };
		8B6F0DBE480C684D580E5E88 /* CameraSession.swift */ = {isa = PBXFileReference; lastKnownFileType = sourcecode.swift; path = CameraSession.swift; sourceTree = "<group>"; };
		97403F72A81FDB08A684E400 /* Assets.xcassets */ = {isa = PBXFileReference; lastKnownFileType = folder.assetcatalog; path = Assets.xcassets; sourceTree = "<group>"; };
		9A7C4D7AB76B5D2F03B51C54 /* GroupDetailView.swift */ = {isa = PBXFileReference; lastKnownFileType = sourcecode.swift; path = GroupDetailView.swift; sourceTree = "<group>"; };
		9B77F713C890D7B719F49181 /* BreadcrumbView.swift */ = {isa = PBXFileReference; lastKnownFileType = sourcecode.swift; path = BreadcrumbView.swift; sourceTree = "<group>"; };
		9CDE1D43EB682209F357329E /* CaptureContextTests.swift */ = {isa = PBXFileReference; lastKnownFileType = sourcecode.swift; path = CaptureContextTests.swift; sourceTree = "<group>"; };
		A5CDF67B04C89ECECFFB2E74 /* ItemGroupDeleteRecursivelyTests.swift */ = {isa = PBXFileReference; lastKnownFileType = sourcecode.swift; path = ItemGroupDeleteRecursivelyTests.swift; sourceTree = "<group>"; };
		ADFD4971DB02648CB137EFE7 /* BreadcrumbPathTests.swift */ = {isa = PBXFileReference; lastKnownFileType = sourcecode.swift; path = BreadcrumbPathTests.swift; sourceTree = "<group>"; };
		B2EB9714D8DDBC1105E417AC /* ThumbnailCache.swift */ = {isa = PBXFileReference; lastKnownFileType = sourcecode.swift; path = ThumbnailCache.swift; sourceTree = "<group>"; };
		B806C24E0B8EB57F3B3407C1 /* PhotoransTests.swift */ = {isa = PBXFileReference; lastKnownFileType = sourcecode.swift; path = PhotoransTests.swift; sourceTree = "<group>"; };
		B95060F7340F97345DFD6717 /* UnclassifiedListView.swift */ = {isa = PBXFileReference; lastKnownFileType = sourcecode.swift; path = UnclassifiedListView.swift; sourceTree = "<group>"; };
		BD42142649E4E7E88CD30A0D /* HomeFAB.swift */ = {isa = PBXFileReference; lastKnownFileType = sourcecode.swift; path = HomeFAB.swift; sourceTree = "<group>"; };
		BD85F3512D949ED95929BAAC /* RootView.swift */ = {isa = PBXFileReference; lastKnownFileType = sourcecode.swift; path = RootView.swift; sourceTree = "<group>"; };
		C88BA80922BBF974D03ACB14 /* SegmentScope.swift */ = {isa = PBXFileReference; lastKnownFileType = sourcecode.swift; path = SegmentScope.swift; sourceTree = "<group>"; };
		D225B27D2646826BED3FA7E3 /* HomeView.swift */ = {isa = PBXFileReference; lastKnownFileType = sourcecode.swift; path = HomeView.swift; sourceTree = "<group>"; };
		D3F16ED0F9D31306055C2AAB /* HomeQueries.swift */ = {isa = PBXFileReference; lastKnownFileType = sourcecode.swift; path = HomeQueries.swift; sourceTree = "<group>"; };
		D4DF21CEE2B9C95EBC83C65E /* legacy_history_v1.sqlite */ = {isa = PBXFileReference; lastKnownFileType = file; path = legacy_history_v1.sqlite; sourceTree = "<group>"; };
		D5B0EFF9477594513A2493FA /* PendingItemRecovery.swift */ = {isa = PBXFileReference; lastKnownFileType = sourcecode.swift; path = PendingItemRecovery.swift; sourceTree = "<group>"; };
		D92963D8CB72E880C63F6724 /* ItemRowView.swift */ = {isa = PBXFileReference; lastKnownFileType = sourcecode.swift; path = ItemRowView.swift; sourceTree = "<group>"; };
		DA1009D023EE1124C28E823B /* PendingItemRecoveryTests.swift */ = {isa = PBXFileReference; lastKnownFileType = sourcecode.swift; path = PendingItemRecoveryTests.swift; sourceTree = "<group>"; };
		DBD0280A48DEE17382CEA7DC /* GroupRenameSheet.swift */ = {isa = PBXFileReference; lastKnownFileType = sourcecode.swift; path = GroupRenameSheet.swift; sourceTree = "<group>"; };
		E0383D1EF4E0A60468AACB73 /* TranslationCoordinator.swift */ = {isa = PBXFileReference; lastKnownFileType = sourcecode.swift; path = TranslationCoordinator.swift; sourceTree = "<group>"; };
		EA8A286F783D81F012546B3B /* StoreBootstrap.swift */ = {isa = PBXFileReference; lastKnownFileType = sourcecode.swift; path = StoreBootstrap.swift; sourceTree = "<group>"; };
		EB0FB63D09D04136FEACD95F /* CameraView.swift */ = {isa = PBXFileReference; lastKnownFileType = sourcecode.swift; path = CameraView.swift; sourceTree = "<group>"; };
		ECA832B0490637C631E362ED /* TranslationProgressIndicator.swift */ = {isa = PBXFileReference; lastKnownFileType = sourcecode.swift; path = TranslationProgressIndicator.swift; sourceTree = "<group>"; };
		F029E89DB839758BB0D9187E /* ItemStatus.swift */ = {isa = PBXFileReference; lastKnownFileType = sourcecode.swift; path = ItemStatus.swift; sourceTree = "<group>"; };
		F21A8D365CACC6A3D9853769 /* ItemLanguageBackfillTests.swift */ = {isa = PBXFileReference; lastKnownFileType = sourcecode.swift; path = ItemLanguageBackfillTests.swift; sourceTree = "<group>"; };
		F6CA5013BC82A7A409D05815 /* SegmentQueryTests.swift */ = {isa = PBXFileReference; lastKnownFileType = sourcecode.swift; path = SegmentQueryTests.swift; sourceTree = "<group>"; };
		F80152B297871A5C33DD20EC /* GroupCreateSheet.swift */ = {isa = PBXFileReference; lastKnownFileType = sourcecode.swift; path = GroupCreateSheet.swift; sourceTree = "<group>"; };
		FF74E1C62D50B4CC496B75EA /* PhotoransApp.swift */ = {isa = PBXFileReference; lastKnownFileType = sourcecode.swift; path = PhotoransApp.swift; sourceTree = "<group>"; };
/* End PBXFileReference section */

/* Begin PBXGroup section */
		1181249EDF30851F8D28E8B7 /* Networking */ = {
			isa = PBXGroup;
			children = (
				0DEDC83685303F8329092022 /* TranslateAPI.swift */,
			);
			path = Networking;
			sourceTree = "<group>";
		};
		1FA884E39FF8839B2B19DB17 /* Services */ = {
			isa = PBXGroup;
			children = (
				19DF875754A6DFFF2BD7B8D3 /* ItemLanguageBackfill.swift */,
				D5B0EFF9477594513A2493FA /* PendingItemRecovery.swift */,
				E0383D1EF4E0A60468AACB73 /* TranslationCoordinator.swift */,
			);
			path = Services;
			sourceTree = "<group>";
		};
		209E3B7E95D1B97412E1AF59 /* Features */ = {
			isa = PBXGroup;
			children = (
				8CB1B66E82C1808E139E1F61 /* Camera */,
				E4E6E5386F40E77AE83F0728 /* Group */,
				EE008562A8F20F4D1C039D1C /* Home */,
				5929A9B04AD311CFDFAC7CAB /* Item */,
			);
			path = Features;
			sourceTree = "<group>";
		};
		521FCE53F623DABE4FF72EF5 /* Fixtures */ = {
			isa = PBXGroup;
			children = (
				D4DF21CEE2B9C95EBC83C65E /* legacy_history_v1.sqlite */,
			);
			path = Fixtures;
			sourceTree = "<group>";
		};
		5929A9B04AD311CFDFAC7CAB /* Item */ = {
			isa = PBXGroup;
			children = (
				83185ACC3AA92FEA502BCE56 /* ItemDetailView.swift */,
				D92963D8CB72E880C63F6724 /* ItemRowView.swift */,
				043FBD29591B940AE6830279 /* ItemThumbnailView.swift */,
				2BA7DD969B97CE1F3A82061E /* MoveToGroupSheet.swift */,
				B2EB9714D8DDBC1105E417AC /* ThumbnailCache.swift */,
				ECA832B0490637C631E362ED /* TranslationProgressIndicator.swift */,
			);
			path = Item;
			sourceTree = "<group>";
		};
		67B8BB3DB3FD8B2C349847F7 /* Products */ = {
			isa = PBXGroup;
			children = (
				345F43A959F869B4B3857F03 /* Photorans.app */,
				0678F0E2C559D896C08871A5 /* PhotoransTests.xctest */,
			);
			name = Products;
			sourceTree = "<group>";
		};
		72C6A732D5E1AE62ADE92FBC /* Photorans */ = {
			isa = PBXGroup;
			children = (
				209E3B7E95D1B97412E1AF59 /* Features */,
				1181249EDF30851F8D28E8B7 /* Networking */,
				EC83BCDDDBF4214BC50BED1A /* Resources */,
				1FA884E39FF8839B2B19DB17 /* Services */,
				AEA0554C0D4D90A8C3F69DE9 /* Storage */,
				225655C9951E5F556341B619 /* Info.plist */,
				FF74E1C62D50B4CC496B75EA /* PhotoransApp.swift */,
				BD85F3512D949ED95929BAAC /* RootView.swift */,
			);
			path = Photorans;
			sourceTree = "<group>";
		};
		74FDC87B6352A51F995F3ED6 /* PhotoransTests */ = {
			isa = PBXGroup;
			children = (
				521FCE53F623DABE4FF72EF5 /* Fixtures */,
				ADFD4971DB02648CB137EFE7 /* BreadcrumbPathTests.swift */,
				9CDE1D43EB682209F357329E /* CaptureContextTests.swift */,
				A5CDF67B04C89ECECFFB2E74 /* ItemGroupDeleteRecursivelyTests.swift */,
				F21A8D365CACC6A3D9853769 /* ItemLanguageBackfillTests.swift */,
				DA1009D023EE1124C28E823B /* PendingItemRecoveryTests.swift */,
				B806C24E0B8EB57F3B3407C1 /* PhotoransTests.swift */,
				F6CA5013BC82A7A409D05815 /* SegmentQueryTests.swift */,
				8A611A4B52C1F1DD0348A20A /* StoreBootstrapTests.swift */,
				790068E5624F7C3220354FB7 /* TranslationCoordinatorTests.swift */,
			);
			path = PhotoransTests;
			sourceTree = "<group>";
		};
		8CB1B66E82C1808E139E1F61 /* Camera */ = {
			isa = PBXGroup;
			children = (
				64F5F7FD43E1C3BD01EE55E5 /* CameraPreviewView.swift */,
				8B6F0DBE480C684D580E5E88 /* CameraSession.swift */,
				EB0FB63D09D04136FEACD95F /* CameraView.swift */,
				673E4220F3ACACBFC7DA406E /* CameraViewModel.swift */,
				34F01FE4D65020BAF5ADD8DD /* ImageCompressor.swift */,
				5D19083941DF31ECD70EC886 /* PhotoStorage.swift */,
			);
			path = Camera;
			sourceTree = "<group>";
		};
		AEA0554C0D4D90A8C3F69DE9 /* Storage */ = {
			isa = PBXGroup;
			children = (
				3C60B3E16B0E677495098598 /* Item.swift */,
				030D2184F6DB986129F80709 /* ItemGroup.swift */,
				F029E89DB839758BB0D9187E /* ItemStatus.swift */,
				40835CF4FD81A03A75E1C49A /* LanguageDisplay.swift */,
				EA8A286F783D81F012546B3B /* StoreBootstrap.swift */,
			);
			path = Storage;
			sourceTree = "<group>";
		};
		E4E6E5386F40E77AE83F0728 /* Group */ = {
			isa = PBXGroup;
			children = (
				F80152B297871A5C33DD20EC /* GroupCreateSheet.swift */,
				9A7C4D7AB76B5D2F03B51C54 /* GroupDetailView.swift */,
				DBD0280A48DEE17382CEA7DC /* GroupRenameSheet.swift */,
			);
			path = Group;
			sourceTree = "<group>";
		};
		EC83BCDDDBF4214BC50BED1A /* Resources */ = {
			isa = PBXGroup;
			children = (
				97403F72A81FDB08A684E400 /* Assets.xcassets */,
			);
			path = Resources;
			sourceTree = "<group>";
		};
		EE008562A8F20F4D1C039D1C /* Home */ = {
			isa = PBXGroup;
			children = (
				9B77F713C890D7B719F49181 /* BreadcrumbView.swift */,
				8B3C8253607ED131949F29A7 /* GroupListView.swift */,
				BD42142649E4E7E88CD30A0D /* HomeFAB.swift */,
				D3F16ED0F9D31306055C2AAB /* HomeQueries.swift */,
				D225B27D2646826BED3FA7E3 /* HomeView.swift */,
				C88BA80922BBF974D03ACB14 /* SegmentScope.swift */,
				B95060F7340F97345DFD6717 /* UnclassifiedListView.swift */,
			);
			path = Home;
			sourceTree = "<group>";
		};
		EFDD173D50D19CEFBE223F09 = {
			isa = PBXGroup;
			children = (
				72C6A732D5E1AE62ADE92FBC /* Photorans */,
				74FDC87B6352A51F995F3ED6 /* PhotoransTests */,
				67B8BB3DB3FD8B2C349847F7 /* Products */,
			);
			sourceTree = "<group>";
		};
/* End PBXGroup section */

/* Begin PBXNativeTarget section */
		D90A5A5DD788B79DB977ABB6 /* PhotoransTests */ = {
			isa = PBXNativeTarget;
			buildConfigurationList = F8361E76E06594910859E864 /* Build configuration list for PBXNativeTarget "PhotoransTests" */;
			buildPhases = (
				C542288994CF371517332B5A /* Sources */,
				A1F68D44CEB0A272E488DF30 /* Resources */,
			);
			buildRules = (
			);
			dependencies = (
				A10270C382CBFAFB1D227894 /* PBXTargetDependency */,
			);
			name = PhotoransTests;
			packageProductDependencies = (
			);
			productName = PhotoransTests;
			productReference = 0678F0E2C559D896C08871A5 /* PhotoransTests.xctest */;
			productType = "com.apple.product-type.bundle.unit-test";
		};
		F6200B8FCA0E8F7197367EC9 /* Photorans */ = {
			isa = PBXNativeTarget;
			buildConfigurationList = 5CC062DE09C3238AE084B248 /* Build configuration list for PBXNativeTarget "Photorans" */;
			buildPhases = (
				43A1879A95567DF7FF67B1E7 /* Sources */,
				34A795F0A6BE47150C2C32FD /* Resources */,
			);
			buildRules = (
			);
			dependencies = (
			);
			name = Photorans;
			packageProductDependencies = (
			);
			productName = Photorans;
			productReference = 345F43A959F869B4B3857F03 /* Photorans.app */;
			productType = "com.apple.product-type.application";
		};
/* End PBXNativeTarget section */

/* Begin PBXProject section */
		35BBB53CACFBF08EB659162E /* Project object */ = {
			isa = PBXProject;
			attributes = {
				BuildIndependentTargetsInParallel = YES;
				LastUpgradeCheck = 1430;
				TargetAttributes = {
				};
			};
			buildConfigurationList = 00C24DBB129FE0AB6C44A677 /* Build configuration list for PBXProject "Photorans" */;
			developmentRegion = ja;
			hasScannedForEncodings = 0;
			knownRegions = (
				Base,
				ja,
			);
			mainGroup = EFDD173D50D19CEFBE223F09;
			minimizedProjectReferenceProxies = 1;
			preferredProjectObjectVersion = 77;
			productRefGroup = 67B8BB3DB3FD8B2C349847F7 /* Products */;
			projectDirPath = "";
			projectRoot = "";
			targets = (
				F6200B8FCA0E8F7197367EC9 /* Photorans */,
				D90A5A5DD788B79DB977ABB6 /* PhotoransTests */,
			);
		};
/* End PBXProject section */

/* Begin PBXResourcesBuildPhase section */
		34A795F0A6BE47150C2C32FD /* Resources */ = {
			isa = PBXResourcesBuildPhase;
			buildActionMask = 2147483647;
			files = (
				70033C5A31F78A77F590AFF5 /* Assets.xcassets in Resources */,
			);
			runOnlyForDeploymentPostprocessing = 0;
		};
		A1F68D44CEB0A272E488DF30 /* Resources */ = {
			isa = PBXResourcesBuildPhase;
			buildActionMask = 2147483647;
			files = (
				6C3282DE2A8EECF9FB678C7D /* legacy_history_v1.sqlite in Resources */,
			);
			runOnlyForDeploymentPostprocessing = 0;
		};
/* End PBXResourcesBuildPhase section */

/* Begin PBXSourcesBuildPhase section */
		43A1879A95567DF7FF67B1E7 /* Sources */ = {
			isa = PBXSourcesBuildPhase;
			buildActionMask = 2147483647;
			files = (
				B894233F48F90E6D08AD0990 /* BreadcrumbView.swift in Sources */,
				3A5C478A7A1295D294394C35 /* CameraPreviewView.swift in Sources */,
				785CB5BC3727E0AD1BE08B94 /* CameraSession.swift in Sources */,
				9648360EAC47CC47E0E877DA /* CameraView.swift in Sources */,
				0166FA1C8C1575F994A33B7E /* CameraViewModel.swift in Sources */,
				1773C434C572E1FBCDE34915 /* GroupCreateSheet.swift in Sources */,
				33097B4F33A4B63C673FF7BF /* GroupDetailView.swift in Sources */,
				A8DFABA876E525E576D7A3E7 /* GroupListView.swift in Sources */,
				497F6486FE40FF6B5EAEA77E /* GroupRenameSheet.swift in Sources */,
				C8A4F2DE363A5F8FDDCC1C14 /* HomeFAB.swift in Sources */,
				D892A1938F8623D35EADFAE5 /* HomeQueries.swift in Sources */,
				924D1F5EDA5CAFAE5F8C9EDB /* HomeView.swift in Sources */,
				69B9E75C2FB9ECF7F32CF01A /* ImageCompressor.swift in Sources */,
				47995DB2196FFB7A6DAF0795 /* Item.swift in Sources */,
				B88D396A722A5BB106B2CD30 /* ItemDetailView.swift in Sources */,
				3E4C70C483E7D53978871A3D /* ItemGroup.swift in Sources */,
				0BA414AE9880A287A92F2BB7 /* ItemLanguageBackfill.swift in Sources */,
				8CFEA6ADC7055A06C60E24F1 /* ItemRowView.swift in Sources */,
				F87849258A298BA821030DF6 /* ItemStatus.swift in Sources */,
				9D06F7A525CACEC1880BCFCD /* ItemThumbnailView.swift in Sources */,
				3A72DBB69D71C2BDDC86A6B8 /* LanguageDisplay.swift in Sources */,
				3DDB3B75EAD5B5FB4D23DC60 /* MoveToGroupSheet.swift in Sources */,
				21BEAA934635F0363CEA53E0 /* PendingItemRecovery.swift in Sources */,
				F7FD0FEA4EA35DCC49A3A397 /* PhotoStorage.swift in Sources */,
				A8B81DB965B26ADD4E751F3A /* PhotoransApp.swift in Sources */,
				66BA5A7DBE97F9411BB16C33 /* RootView.swift in Sources */,
				4D6C86E6DE46C5A159C06E23 /* SegmentScope.swift in Sources */,
				0D2BBE8BAE34D8D27965DBFB /* StoreBootstrap.swift in Sources */,
				9CF6F0A5CFFBCBC63B139D19 /* ThumbnailCache.swift in Sources */,
				F38DFFFDAC5AD6293AC50739 /* TranslateAPI.swift in Sources */,
				FAC50D68AA992D4377352406 /* TranslationCoordinator.swift in Sources */,
				6BDFCF69D16CE8F876EC74D9 /* TranslationProgressIndicator.swift in Sources */,
				4227E24F122BDB43868D6893 /* UnclassifiedListView.swift in Sources */,
			);
			runOnlyForDeploymentPostprocessing = 0;
		};
		C542288994CF371517332B5A /* Sources */ = {
			isa = PBXSourcesBuildPhase;
			buildActionMask = 2147483647;
			files = (
				9837135F0DA037F5AE583944 /* BreadcrumbPathTests.swift in Sources */,
				C6284AF1D64B6273065AD6E7 /* CaptureContextTests.swift in Sources */,
				D5C130CEE405B732B1BD0E3E /* ItemGroupDeleteRecursivelyTests.swift in Sources */,
				46E2F908DA43807ED9F9343E /* ItemLanguageBackfillTests.swift in Sources */,
				1821B1C645600FD8A716C2E1 /* PendingItemRecoveryTests.swift in Sources */,
				672E4E2A66EC80D3697D6FFA /* PhotoransTests.swift in Sources */,
				FC6BF7356E52B8BDBEC6FE92 /* SegmentQueryTests.swift in Sources */,
				96428EF54A471823F4262CD2 /* StoreBootstrapTests.swift in Sources */,
				5AD18387F75A7F5CBCD5B757 /* TranslationCoordinatorTests.swift in Sources */,
			);
			runOnlyForDeploymentPostprocessing = 0;
		};
/* End PBXSourcesBuildPhase section */

/* Begin PBXTargetDependency section */
		A10270C382CBFAFB1D227894 /* PBXTargetDependency */ = {
			isa = PBXTargetDependency;
			target = F6200B8FCA0E8F7197367EC9 /* Photorans */;
			targetProxy = 3BC55D791008B3ED00BAAC7C /* PBXContainerItemProxy */;
		};
/* End PBXTargetDependency section */

/* Begin XCBuildConfiguration section */
		05A652DF84DCF2C686F97B2F /* Debug */ = {
			isa = XCBuildConfiguration;
			buildSettings = {
				ASSETCATALOG_COMPILER_APPICON_NAME = AppIcon;
				CURRENT_PROJECT_VERSION = 1;
				GENERATE_INFOPLIST_FILE = NO;
				INFOPLIST_FILE = Photorans/Info.plist;
				MARKETING_VERSION = 0.1.0;
				PRODUCT_BUNDLE_IDENTIFIER = com.akiraak.photorans;
				PRODUCT_NAME = Photorans;
				SUPPORTS_MACCATALYST = NO;
				SUPPORTS_MAC_DESIGNED_FOR_IPHONE_IPAD = NO;
				TARGETED_DEVICE_FAMILY = 1;
			};
			name = Debug;
		};
		20446ACF18E9EE345FD28496 /* Debug */ = {
			isa = XCBuildConfiguration;
			buildSettings = {
				API_BASE_URL = "http://10.0.1.137:3000";
				ENABLE_USER_SCRIPT_SANDBOXING = YES;
				IPHONEOS_DEPLOYMENT_TARGET = 17.0;
				SDKROOT = iphoneos;
				SWIFT_ACTIVE_COMPILATION_CONDITIONS = DEBUG;
				SWIFT_STRICT_CONCURRENCY = complete;
				SWIFT_VERSION = 6.0;
			};
			name = Debug;
		};
		6FB8A581973651A395F06977 /* Release */ = {
			isa = XCBuildConfiguration;
			buildSettings = {
				ASSETCATALOG_COMPILER_APPICON_NAME = AppIcon;
				CURRENT_PROJECT_VERSION = 1;
				GENERATE_INFOPLIST_FILE = NO;
				INFOPLIST_FILE = Photorans/Info.plist;
				MARKETING_VERSION = 0.1.0;
				PRODUCT_BUNDLE_IDENTIFIER = com.akiraak.photorans;
				PRODUCT_NAME = Photorans;
				SUPPORTS_MACCATALYST = NO;
				SUPPORTS_MAC_DESIGNED_FOR_IPHONE_IPAD = NO;
				TARGETED_DEVICE_FAMILY = 1;
			};
			name = Release;
		};
		70CC68D584493ABFB9B5D278 /* Release */ = {
			isa = XCBuildConfiguration;
			buildSettings = {
				BUNDLE_LOADER = "$(TEST_HOST)";
				PRODUCT_BUNDLE_IDENTIFIER = com.akiraak.photorans.tests;
				TEST_HOST = "$(BUILT_PRODUCTS_DIR)/Photorans.app/$(BUNDLE_EXECUTABLE_FOLDER_PATH)/Photorans";
			};
			name = Release;
		};
		8027D82C89A978BBFD9BDC72 /* Release */ = {
			isa = XCBuildConfiguration;
			buildSettings = {
				API_BASE_URL = "https://synergistic-wilburn-overclean.ngrok-free.dev";
				ENABLE_USER_SCRIPT_SANDBOXING = YES;
				IPHONEOS_DEPLOYMENT_TARGET = 17.0;
				SDKROOT = iphoneos;
				SWIFT_STRICT_CONCURRENCY = complete;
				SWIFT_VERSION = 6.0;
			};
			name = Release;
		};
		FA471C024DBE7943227E1C80 /* Debug */ = {
			isa = XCBuildConfiguration;
			buildSettings = {
				BUNDLE_LOADER = "$(TEST_HOST)";
				PRODUCT_BUNDLE_IDENTIFIER = com.akiraak.photorans.tests;
				TEST_HOST = "$(BUILT_PRODUCTS_DIR)/Photorans.app/$(BUNDLE_EXECUTABLE_FOLDER_PATH)/Photorans";
			};
			name = Debug;
		};
/* End XCBuildConfiguration section */

/* Begin XCConfigurationList section */
		00C24DBB129FE0AB6C44A677 /* Build configuration list for PBXProject "Photorans" */ = {
			isa = XCConfigurationList;
			buildConfigurations = (
				20446ACF18E9EE345FD28496 /* Debug */,
				8027D82C89A978BBFD9BDC72 /* Release */,
			);
			defaultConfigurationIsVisible = 0;
			defaultConfigurationName = Debug;
		};
		5CC062DE09C3238AE084B248 /* Build configuration list for PBXNativeTarget "Photorans" */ = {
			isa = XCConfigurationList;
			buildConfigurations = (
				05A652DF84DCF2C686F97B2F /* Debug */,
				6FB8A581973651A395F06977 /* Release */,
			);
			defaultConfigurationIsVisible = 0;
			defaultConfigurationName = Debug;
		};
		F8361E76E06594910859E864 /* Build configuration list for PBXNativeTarget "PhotoransTests" */ = {
			isa = XCConfigurationList;
			buildConfigurations = (
				FA471C024DBE7943227E1C80 /* Debug */,
				70CC68D584493ABFB9B5D278 /* Release */,
			);
			defaultConfigurationIsVisible = 0;
			defaultConfigurationName = Debug;
		};
/* End XCConfigurationList section */
	};
	rootObject = 35BBB53CACFBF08EB659162E /* Project object */;
}
